
Microsoft Visual Studio Solution File, Format Version 12.00
# Visual Studio Version 17
VisualStudioVersion = 17.10.35027.167
MinimumVisualStudioVersion = 10.0.40219.1
Project("{FAE04EC0-301F-11D3-BF4B-00C04F79EFBC}") = "API", "API\API.csproj", "{8499AD1C-CEAB-4FE5-8B3C-7B5B19490E62}"
EndProject
Global
	GlobalSection(SolutionConfigurationPlatforms) = preSolution
		Debug|Any CPU = Debug|Any CPU
		Release|Any CPU = Release|Any CPU
	EndGlobalSection
	GlobalSection(ProjectConfigurationPlatforms) = postSolution
		{8499AD1C-CEAB-4FE5-8B3C-7B5B19490E62}.Debug|Any CPU.ActiveCfg = Debug|Any CPU
		{8499AD1C-CEAB-4FE5-8B3C-7B5B19490E62}.Debug|Any CPU.Build.0 = Debug|Any CPU
		{8499AD1C-CEAB-4FE5-8B3C-7B5B19490E62}.Release|Any CPU.ActiveCfg = Release|Any CPU
		{8499AD1C-CEAB-4FE5-8B3C-7B5B19490E62}.Release|Any CPU.Build.0 = Release|Any CPU
	EndGlobalSection
	GlobalSection(SolutionProperties) = preSolution
		HideSolutionNode = FALSE
	EndGlobalSection
	GlobalSection(ExtensibilityGlobals) = postSolution
		SolutionGuid = {0F70A6BE-18D3-40BB-B121-641DCB290184}
	EndGlobalSection
EndGlobal
